
Microsoft Visual Studio Solution File, Format Version 12.00
# Visual Studio 2013
VisualStudioVersion = 12.0.40629.0
MinimumVisualStudioVersion = 10.0.40219.1
Project("{FAE04EC0-301F-11D3-BF4B-00C04F79EFBC}") = "LookTechnoCMS.Core", "LookTechnoCMS.Core\LookTechnoCMS.Core.csproj", "{87A89C28-41DE-4D68-9658-973E1D0FBC4F}"
EndProject
Project("{FAE04EC0-301F-11D3-BF4B-00C04F79EFBC}") = "LookTechnoCMS.Data", "LookTechnoCMS.Data\LookTechnoCMS.Data.csproj", "{CFFDAEEB-B083-4DEE-B370-81F42C6E01D3}"
EndProject
Project("{FAE04EC0-301F-11D3-BF4B-00C04F79EFBC}") = "LookTechnoCMS.Service", "LookTechnoCMS.Service\LookTechnoCMS.Service.csproj", "{5FD79E6B-E401-484E-B633-319AF939FE07}"
EndProject
Project("{FAE04EC0-301F-11D3-BF4B-00C04F79EFBC}") = "LookTechnoCMS.Web", "LookTechnoCMS.Web\LookTechnoCMS.Web.csproj", "{CEAB95FB-777D-4F79-A79D-73046B3163D1}"
EndProject
Global
	GlobalSection(SolutionConfigurationPlatforms) = preSolution
		Debug|Any CPU = Debug|Any CPU
		Release|Any CPU = Release|Any CPU
	EndGlobalSection
	GlobalSection(ProjectConfigurationPlatforms) = postSolution
		{87A89C28-41DE-4D68-9658-973E1D0FBC4F}.Debug|Any CPU.ActiveCfg = Debug|Any CPU
		{87A89C28-41DE-4D68-9658-973E1D0FBC4F}.Debug|Any CPU.Build.0 = Debug|Any CPU
		{87A89C28-41DE-4D68-9658-973E1D0FBC4F}.Release|Any CPU.ActiveCfg = Release|Any CPU
		{87A89C28-41DE-4D68-9658-973E1D0FBC4F}.Release|Any CPU.Build.0 = Release|Any CPU
		{CFFDAEEB-B083-4DEE-B370-81F42C6E01D3}.Debug|Any CPU.ActiveCfg = Debug|Any CPU
		{CFFDAEEB-B083-4DEE-B370-81F42C6E01D3}.Debug|Any CPU.Build.0 = Debug|Any CPU
		{CFFDAEEB-B083-4DEE-B370-81F42C6E01D3}.Release|Any CPU.ActiveCfg = Release|Any CPU
		{CFFDAEEB-B083-4DEE-B370-81F42C6E01D3}.Release|Any CPU.Build.0 = Release|Any CPU
		{5FD79E6B-E401-484E-B633-319AF939FE07}.Debug|Any CPU.ActiveCfg = Debug|Any CPU
		{5FD79E6B-E401-484E-B633-319AF939FE07}.Debug|Any CPU.Build.0 = Debug|Any CPU
		{5FD79E6B-E401-484E-B633-319AF939FE07}.Release|Any CPU.ActiveCfg = Release|Any CPU
		{5FD79E6B-E401-484E-B633-319AF939FE07}.Release|Any CPU.Build.0 = Release|Any CPU
		{CEAB95FB-777D-4F79-A79D-73046B3163D1}.Debug|Any CPU.ActiveCfg = Debug|Any CPU
		{CEAB95FB-777D-4F79-A79D-73046B3163D1}.Debug|Any CPU.Build.0 = Debug|Any CPU
		{CEAB95FB-777D-4F79-A79D-73046B3163D1}.Release|Any CPU.ActiveCfg = Release|Any CPU
		{CEAB95FB-777D-4F79-A79D-73046B3163D1}.Release|Any CPU.Build.0 = Release|Any CPU
	EndGlobalSection
	GlobalSection(SolutionProperties) = preSolution
		HideSolutionNode = FALSE
	EndGlobalSection
EndGlobal
